
Microsoft Visual Studio Solution File, Format Version 12.00
# Visual Studio 15
VisualStudioVersion = 15.0.28307.136
MinimumVisualStudioVersion = 10.0.40219.1
Project("{FAE04EC0-301F-11D3-BF4B-00C04F79EFBC}") = "AnomaERP", "AnomaERP\AnomaERP.csproj", "{D147EF29-EF73-4598-A583-423842BA3169}"
EndProject
Global
	GlobalSection(SolutionConfigurationPlatforms) = preSolution
		Debug|Any CPU = Debug|Any CPU
		Release|Any CPU = Release|Any CPU
	EndGlobalSection
	GlobalSection(ProjectConfigurationPlatforms) = postSolution
		{D147EF29-EF73-4598-A583-423842BA3169}.Debug|Any CPU.ActiveCfg = Debug|Any CPU
		{D147EF29-EF73-4598-A583-423842BA3169}.Debug|Any CPU.Build.0 = Debug|Any CPU
		{D147EF29-EF73-4598-A583-423842BA3169}.Release|Any CPU.ActiveCfg = Release|Any CPU
		{D147EF29-EF73-4598-A583-423842BA3169}.Release|Any CPU.Build.0 = Release|Any CPU
	EndGlobalSection
	GlobalSection(SolutionProperties) = preSolution
		HideSolutionNode = FALSE
	EndGlobalSection
	GlobalSection(ExtensibilityGlobals) = postSolution
		SolutionGuid = {C5C8D110-9C10-4C3A-BD23-1A0D81E76F6A}
	EndGlobalSection
EndGlobal
